PODS:
  - Action (4.0.0):
    - RxCocoa (~> 5.0)
    - RxSwift (~> 5.0)
  - AlignedCollectionViewFlowLayout (1.1.2)
  - AVOSCloud (11.6.4)
  - ChameleonFramework/Default (2.1.0)
  - ChameleonFramework/Swift (2.1.0):
    - ChameleonFramework/Default
  - Differentiator (4.0.1)
  - EasyAnimation (2.2.1)
  - HandyJSON (5.0.0)
  - IQKeyboardManagerSwift (6.3.0)
  - JCore (2.1.1)
  - JPush (3.2.1):
    - JCore (< 3.0.0, >= 2.0.0)
  - LTMorphingLabel (0.7.0)
  - MJRefresh (3.2.0)
  - MultiPeer (0.1.0)
  - NXDrawKit (0.8.0)
  - PKHUD (5.2.1)
  - Realm (3.17.1):
    - Realm/Headers (= 3.17.1)
  - Realm/Headers (3.17.1)
  - RealmSwift (3.17.1):
    - Realm (= 3.17.1)
  - RxCocoa (5.0.0):
    - RxRelay (~> 5)
    - RxSwift (~> 5)
  - RxDataSources (4.0.1):
    - Differentiator (~> 4.0)
    - RxCocoa (~> 5.0)
    - RxSwift (~> 5.0)
  - RxRelay (5.0.0):
    - RxSwift (~> 5)
  - RxSwift (5.0.0)
  - SKPhotoBrowser (6.1.0)
  - SnapKit (5.0.0)
  - Then (2.5.0)

DEPENDENCIES:
  - Action (~> 4.0.0)
  - AlignedCollectionViewFlowLayout
  - AVOSCloud
  - ChameleonFramework/Swift (from `https://github.com/ViccAlexander/Chameleon.git`)
  - EasyAnimation
  - HandyJSON (~> 5.0.0)
  - IQKeyboardManagerSwift (= 6.3.0)
  - JPush
  - LTMorphingLabel
  - MJRefresh
  - MultiPeer
  - NXDrawKit
  - PKHUD (~> 5.2.1)
  - RealmSwift
  - RxCocoa (~> 5.0.0)
  - RxDataSources
  - RxSwift (~> 5.0.0)
  - SKPhotoBrowser
  - SnapKit (~> 5.0.0)
  - Then

SPEC REPOS:
  https://github.com/cocoapods/specs.git:
    - Action
    - AlignedCollectionViewFlowLayout
    - AVOSCloud
    - Differentiator
    - EasyAnimation
    - HandyJSON
    - IQKeyboardManagerSwift
    - JCore
    - JPush
    - LTMorphingLabel
    - MJRefresh
    - MultiPeer
    - NXDrawKit
    - PKHUD
    - Realm
    - RealmSwift
    - RxCocoa
    - RxDataSources
    - RxRelay
    - RxSwift
    - SKPhotoBrowser
    - SnapKit
    - Then

EXTERNAL SOURCES:
  ChameleonFramework:
    :git: https://github.com/ViccAlexander/Chameleon.git

CHECKOUT OPTIONS:
  ChameleonFramework:
    :commit: 6dd284bde21ea2e7f9fd89bc36f40df16e16369d
    :git: https://github.com/ViccAlexander/Chameleon.git

SPEC CHECKSUMS:
  Action: 0d14986aad0f1330aa27ce65d0cdeaacbb63d91c
  AlignedCollectionViewFlowLayout: ee2ef451e741ec08f8e0967d828001e2f051c20a
  AVOSCloud: 0f5fe2be8ce99ca6eb272243041acaa9369ba8f0
  ChameleonFramework: d21a3cc247abfe5e37609a283a8238b03575cf64
  Differentiator: 886080237d9f87f322641dedbc5be257061b0602
  EasyAnimation: 226d133d23ef0ef99ddfb8928ff2a9a4a77d1cfd
  HandyJSON: 992f2d661716d6a91de82d0056927bc7813b5770
  IQKeyboardManagerSwift: a8228c257614af98743b4cd8584637025f36358f
  JCore: 4072327557f0b83cc22dd4041f2f839740c0077b
  JPush: a1ff8b8ec53fa3419b414946e4db4efa313baeae
  LTMorphingLabel: 22147fb1ec2b0306537ccc348b36ea8617179b03
  MJRefresh: ed450d6eb9d3346a2cb033ab7eb6de090aeef437
  MultiPeer: 8be1b3b47faa9d2e94b4c8c29a2d984eb0d68007
  NXDrawKit: 62a73ad64ae1d7a04b87256c0ee106426ea3abee
  PKHUD: 4e6162c4c39ac367c6934e9855c6b4762ee16256
  Realm: c204f1a890f07dea43b14132a6aad118c054b8f2
  RealmSwift: 4d3c9233544b9cd08a8913e0872b9038eb99b054
  RxCocoa: fcf32050ac00d801f34a7f71d5e8e7f23026dcd8
  RxDataSources: efee07fa4de48477eca0a4611e6d11e2da9c1114
  RxRelay: 4f7409406a51a55cd88483f21ed898c234d60f18
  RxSwift: 8b0671caa829a763bbce7271095859121cbd895f
  SKPhotoBrowser: 343de95d89dc7913763c5dda243cc6e606e4a168
  SnapKit: fd22d10eb9aff484d79a8724eab922c1ddf89bcf
  Then: 0157115e883545c77967b452fe74a1d25fb796e1

PODFILE CHECKSUM: 7d6e565d3633a23ab3307068569aba7ae016c757

COCOAPODS: 1.5.3
